
Microsoft Visual Studio Solution File, Format Version 12.00
# Visual Studio Version 17
VisualStudioVersion = 17.11.35222.181
MinimumVisualStudioVersion = 10.0.40219.1
Project("{FAE04EC0-301F-11D3-BF4B-00C04F79EFBC}") = "GuessingGame", "GuessingGame\GuessingGame.csproj", "{EDE5B97F-FFC3-4E02-8386-ED5BC7E6A383}"
EndProject
Global
	GlobalSection(SolutionConfigurationPlatforms) = preSolution
		Debug|Any CPU = Debug|Any CPU
		Release|Any CPU = Release|Any CPU
	EndGlobalSection
	GlobalSection(ProjectConfigurationPlatforms) = postSolution
		{EDE5B97F-FFC3-4E02-8386-ED5BC7E6A383}.Debug|Any CPU.ActiveCfg = Debug|Any CPU
		{EDE5B97F-FFC3-4E02-8386-ED5BC7E6A383}.Debug|Any CPU.Build.0 = Debug|Any CPU
		{EDE5B97F-FFC3-4E02-8386-ED5BC7E6A383}.Release|Any CPU.ActiveCfg = Release|Any CPU
		{EDE5B97F-FFC3-4E02-8386-ED5BC7E6A383}.Release|Any CPU.Build.0 = Release|Any CPU
	EndGlobalSection
	GlobalSection(SolutionProperties) = preSolution
		HideSolutionNode = FALSE
	EndGlobalSection
	GlobalSection(ExtensibilityGlobals) = postSolution
		SolutionGuid = {623969D2-15FE-464A-AA2C-BC13941BEFA1}
	EndGlobalSection
EndGlobal
